
Microsoft Visual Studio Solution File, Format Version 12.00
# Visual Studio Version 17
VisualStudioVersion = 17.7.34031.279
MinimumVisualStudioVersion = 10.0.40219.1
Project("{2150E333-8FDC-42A3-9474-1A3956D46DE8}") = "src", "src", "{F528BFA5-7189-4D31-919E-2B50CFA5379C}"
EndProject
Project("{2150E333-8FDC-42A3-9474-1A3956D46DE8}") = "Services", "Services", "{66BD3C09-9AAF-4442-B007-964239C481CB}"
EndProject
Project("{2150E333-8FDC-42A3-9474-1A3956D46DE8}") = "Identity", "Identity", "{D035218C-BDD5-4A50-A9C2-C851BCEB1250}"
EndProject
Project("{2150E333-8FDC-42A3-9474-1A3956D46DE8}") = "Product", "Product", "{E96740A2-AECA-436D-8D86-E2A1653DAED5}"
EndProject
Project("{9A19103F-16F7-4668-BE54-9A1E7A4F7556}") = "Identity.API", "src\Services\Identity\Identity.API\Identity.API.csproj", "{1758E6AD-119D-4C40-8689-1193204D26A7}"
EndProject
Project("{9A19103F-16F7-4668-BE54-9A1E7A4F7556}") = "Product.API", "src\Services\Product\Product.API\Product.API.csproj", "{066B317B-27DC-4698-AB5D-890F33CF3C74}"
EndProject
Project("{9A19103F-16F7-4668-BE54-9A1E7A4F7556}") = "Product.Application", "src\Services\Product\Product.Application\Product.Application.csproj", "{12CD3D99-05E2-42E3-96E8-EC43477C467D}"
EndProject
Project("{9A19103F-16F7-4668-BE54-9A1E7A4F7556}") = "Product.Core", "src\Services\Product\Product.Core\Product.Core.csproj", "{2F967C42-B15D-4488-BA03-BB9BBD7B8B26}"
EndProject
Project("{9A19103F-16F7-4668-BE54-9A1E7A4F7556}") = "Product.Infrastructure", "src\Services\Product\Product.Infrastructure\Product.Infrastructure.csproj", "{B586086A-5934-4D21-81AF-93FDA9D8B8BB}"
EndProject
Project("{2150E333-8FDC-42A3-9474-1A3956D46DE8}") = "ApiGateway", "ApiGateway", "{988A85E0-A98A-459E-8320-6AAB3733E6EB}"
EndProject
Project("{9A19103F-16F7-4668-BE54-9A1E7A4F7556}") = "ApiGateway", "src\ApiGetway\ApiGateway\ApiGateway.csproj", "{A1A4D202-1D1E-468A-B687-047F38BFFB0E}"
EndProject
Project("{2150E333-8FDC-42A3-9474-1A3956D46DE8}") = "Test", "Test", "{8C7491E9-C2BD-4B57-8B83-E49A13C42097}"
EndProject
Project("{FAE04EC0-301F-11D3-BF4B-00C04F79EFBC}") = "BehinRahkar.Test", "Test\BehinRahkar.Test\BehinRahkar.Test.csproj", "{4089C60D-A7C9-48DD-834D-8BFB28B0AE8D}"
EndProject
Project("{2150E333-8FDC-42A3-9474-1A3956D46DE8}") = "Shared", "Shared", "{2F566413-2F1E-4574-8DB4-F951AD10C79D}"
EndProject
Project("{FAE04EC0-301F-11D3-BF4B-00C04F79EFBC}") = "Shared", "src\Shared\Shared\Shared.csproj", "{9DA793C1-06CB-4FD4-B768-2ABB92F691BF}"
EndProject
Project("{E53339B2-1760-4266-BCC7-CA923CBCF16C}") = "docker-compose", "docker-compose.dcproj", "{C2574142-1B84-4C0E-A4C2-93A9B79057CD}"
EndProject
Global
	GlobalSection(SolutionConfigurationPlatforms) = preSolution
		Debug|Any CPU = Debug|Any CPU
		Release|Any CPU = Release|Any CPU
	EndGlobalSection
	GlobalSection(ProjectConfigurationPlatforms) = postSolution
		{1758E6AD-119D-4C40-8689-1193204D26A7}.Debug|Any CPU.ActiveCfg = Debug|Any CPU
		{1758E6AD-119D-4C40-8689-1193204D26A7}.Debug|Any CPU.Build.0 = Debug|Any CPU
		{1758E6AD-119D-4C40-8689-1193204D26A7}.Release|Any CPU.ActiveCfg = Release|Any CPU
		{1758E6AD-119D-4C40-8689-1193204D26A7}.Release|Any CPU.Build.0 = Release|Any CPU
		{066B317B-27DC-4698-AB5D-890F33CF3C74}.Debug|Any CPU.ActiveCfg = Debug|Any CPU
		{066B317B-27DC-4698-AB5D-890F33CF3C74}.Debug|Any CPU.Build.0 = Debug|Any CPU
		{066B317B-27DC-4698-AB5D-890F33CF3C74}.Release|Any CPU.ActiveCfg = Release|Any CPU
		{066B317B-27DC-4698-AB5D-890F33CF3C74}.Release|Any CPU.Build.0 = Release|Any CPU
		{12CD3D99-05E2-42E3-96E8-EC43477C467D}.Debug|Any CPU.ActiveCfg = Debug|Any CPU
		{12CD3D99-05E2-42E3-96E8-EC43477C467D}.Debug|Any CPU.Build.0 = Debug|Any CPU
		{12CD3D99-05E2-42E3-96E8-EC43477C467D}.Release|Any CPU.ActiveCfg = Release|Any CPU
		{12CD3D99-05E2-42E3-96E8-EC43477C467D}.Release|Any CPU.Build.0 = Release|Any CPU
		{2F967C42-B15D-4488-BA03-BB9BBD7B8B26}.Debug|Any CPU.ActiveCfg = Debug|Any CPU
		{2F967C42-B15D-4488-BA03-BB9BBD7B8B26}.Debug|Any CPU.Build.0 = Debug|Any CPU
		{2F967C42-B15D-4488-BA03-BB9BBD7B8B26}.Release|Any CPU.ActiveCfg = Release|Any CPU
		{2F967C42-B15D-4488-BA03-BB9BBD7B8B26}.Release|Any CPU.Build.0 = Release|Any CPU
		{B586086A-5934-4D21-81AF-93FDA9D8B8BB}.Debug|Any CPU.ActiveCfg = Debug|Any CPU
		{B586086A-5934-4D21-81AF-93FDA9D8B8BB}.Debug|Any CPU.Build.0 = Debug|Any CPU
		{B586086A-5934-4D21-81AF-93FDA9D8B8BB}.Release|Any CPU.ActiveCfg = Release|Any CPU
		{B586086A-5934-4D21-81AF-93FDA9D8B8BB}.Release|Any CPU.Build.0 = Release|Any CPU
		{A1A4D202-1D1E-468A-B687-047F38BFFB0E}.Debug|Any CPU.ActiveCfg = Debug|Any CPU
		{A1A4D202-1D1E-468A-B687-047F38BFFB0E}.Debug|Any CPU.Build.0 = Debug|Any CPU
		{A1A4D202-1D1E-468A-B687-047F38BFFB0E}.Release|Any CPU.ActiveCfg = Release|Any CPU
		{A1A4D202-1D1E-468A-B687-047F38BFFB0E}.Release|Any CPU.Build.0 = Release|Any CPU
		{4089C60D-A7C9-48DD-834D-8BFB28B0AE8D}.Debug|Any CPU.ActiveCfg = Debug|Any CPU
		{4089C60D-A7C9-48DD-834D-8BFB28B0AE8D}.Debug|Any CPU.Build.0 = Debug|Any CPU
		{4089C60D-A7C9-48DD-834D-8BFB28B0AE8D}.Release|Any CPU.ActiveCfg = Release|Any CPU
		{4089C60D-A7C9-48DD-834D-8BFB28B0AE8D}.Release|Any CPU.Build.0 = Release|Any CPU
		{9DA793C1-06CB-4FD4-B768-2ABB92F691BF}.Debug|Any CPU.ActiveCfg = Debug|Any CPU
		{9DA793C1-06CB-4FD4-B768-2ABB92F691BF}.Debug|Any CPU.Build.0 = Debug|Any CPU
		{9DA793C1-06CB-4FD4-B768-2ABB92F691BF}.Release|Any CPU.ActiveCfg = Release|Any CPU
		{9DA793C1-06CB-4FD4-B768-2ABB92F691BF}.Release|Any CPU.Build.0 = Release|Any CPU
		{C2574142-1B84-4C0E-A4C2-93A9B79057CD}.Debug|Any CPU.ActiveCfg = Debug|Any CPU
		{C2574142-1B84-4C0E-A4C2-93A9B79057CD}.Debug|Any CPU.Build.0 = Debug|Any CPU
		{C2574142-1B84-4C0E-A4C2-93A9B79057CD}.Release|Any CPU.ActiveCfg = Release|Any CPU
		{C2574142-1B84-4C0E-A4C2-93A9B79057CD}.Release|Any CPU.Build.0 = Release|Any CPU
	EndGlobalSection
	GlobalSection(SolutionProperties) = preSolution
		HideSolutionNode = FALSE
	EndGlobalSection
	GlobalSection(NestedProjects) = preSolution
		{66BD3C09-9AAF-4442-B007-964239C481CB} = {F528BFA5-7189-4D31-919E-2B50CFA5379C}
		{D035218C-BDD5-4A50-A9C2-C851BCEB1250} = {66BD3C09-9AAF-4442-B007-964239C481CB}
		{E96740A2-AECA-436D-8D86-E2A1653DAED5} = {66BD3C09-9AAF-4442-B007-964239C481CB}
		{1758E6AD-119D-4C40-8689-1193204D26A7} = {D035218C-BDD5-4A50-A9C2-C851BCEB1250}
		{066B317B-27DC-4698-AB5D-890F33CF3C74} = {E96740A2-AECA-436D-8D86-E2A1653DAED5}
		{12CD3D99-05E2-42E3-96E8-EC43477C467D} = {E96740A2-AECA-436D-8D86-E2A1653DAED5}
		{2F967C42-B15D-4488-BA03-BB9BBD7B8B26} = {E96740A2-AECA-436D-8D86-E2A1653DAED5}
		{B586086A-5934-4D21-81AF-93FDA9D8B8BB} = {E96740A2-AECA-436D-8D86-E2A1653DAED5}
		{988A85E0-A98A-459E-8320-6AAB3733E6EB} = {F528BFA5-7189-4D31-919E-2B50CFA5379C}
		{A1A4D202-1D1E-468A-B687-047F38BFFB0E} = {988A85E0-A98A-459E-8320-6AAB3733E6EB}
		{4089C60D-A7C9-48DD-834D-8BFB28B0AE8D} = {8C7491E9-C2BD-4B57-8B83-E49A13C42097}
		{2F566413-2F1E-4574-8DB4-F951AD10C79D} = {F528BFA5-7189-4D31-919E-2B50CFA5379C}
		{9DA793C1-06CB-4FD4-B768-2ABB92F691BF} = {2F566413-2F1E-4574-8DB4-F951AD10C79D}
	EndGlobalSection
	GlobalSection(ExtensibilityGlobals) = postSolution
		SolutionGuid = {AC8364F7-C0B6-4FCC-88BA-1A0F4423B7CE}
	EndGlobalSection
EndGlobal
